PODS:
  - BridgeTechSupport (0.1.2)

DEPENDENCIES:
  - BridgeTechSupport (from `../`)

EXTERNAL SOURCES:
  BridgeTechSupport:
    :path: "../"

SPEC CHECKSUMS:
  BridgeTechSupport: a9f1ed829d614e344f4586721e1a44b6bae49570

PODFILE CHECKSUM: 3b8e03095b78e458a070eed3e44b8ddf73194170

COCOAPODS: 1.6.1
